github.com/ian-kent/go-log v0.0.0-20160113211217-5731446c36ab h1:OgrFrYWlVzY7Tc8rq7Y4ErlKo28igc70gbfJGTVWTJk=
github.com/ian-kent/go-log v0.0.0-20160113211217-5731446c36ab/go.mod h1:6HitiSDIbT2r0dab4CoKoMAtR7tb0ORQ3OmjkjCZ+zk=
github.com/philhofer/fwd v1.0.0 h1:UbZqGr5Y38ApvM/V/jEljVxwocdweyH+vmYvRPBnbqQ=
github.com/philhofer/fwd v1.0.0/go.mod h1:gk3iGcWd9+svBvR0sR+KPcfE+RNWozjowpeBVG3ZVNU=
github.com/t-k/fluent-logger-golang v1.0.0 h1:4IQzY+/l66Zkkhk9eB3LwF9vPkgKHJ1rpYdrRiap0EI=
github.com/t-k/fluent-logger-golang v1.0.0/go.mod h1:6vC3Vzp9Kva0l5J9+YDY5/ROePwkAqwLK+KneCjSm4w=
github.com/tinylib/msgp v1.1.2 h1:gWmO7n0Ys2RBEb7GPYB9Ujq8Mk5p2U08lRnmMcGy6BQ=
github.com/tinylib/msgp v1.1.2/go.mod h1:+d+yLhGm8mzTaHzB+wgMYrodPfmZrzkirds8fDWklFE=
