# This file is autogenerated, do not edit; changes may be undone by the next 'dep ensure'.


[[projects]]
  digest = "1:f9efb765c4f3aff4b4c9948ae1aed344f3c76566ced247a9ff7c658a903b029b"
  name = "github.com/ian-kent/go-log"
  packages = [
    "appenders",
    "layout",
    "levels",
    "log",
    "logger",
  ]
  pruneopts = "UT"
  revision = "3562059be162516e088049acad7e3d26427faeaf"
  version = "v0.1"

[[projects]]
  digest = "1:5e73b34a27d827212102605789de00bd411b2e434812133c83935fe9897c75e1"
  name = "github.com/philhofer/fwd"
  packages = ["."]
  pruneopts = "UT"
  revision = "bb6d471dc95d4fe11e432687f8b70ff496cf3136"
  version = "v1.0.0"

[[projects]]
  digest = "1:25ba8b4d08fc20215a9b41ba4bb9cb6643cc6ed7b6c3128f1cf235bbb02a232a"
  name = "github.com/t-k/fluent-logger-golang"
  packages = ["fluent"]
  pruneopts = "UT"
  revision = "0f8ec08f2057a61574b6943e75045fffbeae894e"
  version = "v1.0.0"

[[projects]]
  digest = "1:6636bfca29dde8561c03e98ccddbe36240f13a01ac770d7ea07f4fd019ed6e65"
  name = "github.com/tinylib/msgp"
  packages = ["msgp"]
  pruneopts = "UT"
  revision = "4253cdaa5267687e3b7612da7ff105d4414174da"
  version = "v1.1.2"

[solve-meta]
  analyzer-name = "dep"
  analyzer-version = 1
  input-imports = ["github.com/ian-kent/go-log/log"]
  solver-name = "gps-cdcl"
  solver-version = 1
