# This file is autogenerated, do not edit; changes may be undone by the next 'dep ensure'.


[[projects]]
  digest = "1:7caeb526eadf6c4cfd515508a48b623bcce0523c191dbae804170b86a6ef9a06"
  name = "github.com/akamensky/argparse"
  packages = ["."]
  pruneopts = "UT"
  revision = "936811b12db25dad4b7b86cbfd1dcc61571145cc"
  version = "v1.2.1"

[[projects]]
  digest = "1:01a3bf7bc37c96547897d253f8437c89cd8e80ea0211ff5f440fbc19f44cd14e"
  name = "github.com/graphql-go/graphql"
  packages = [
    ".",
    "gqlerrors",
    "language/ast",
    "language/kinds",
    "language/lexer",
    "language/location",
    "language/parser",
    "language/printer",
    "language/source",
    "language/typeInfo",
    "language/visitor",
  ]
  pruneopts = "UT"
  revision = "02caa8943d64d9cd60bd67f2bc163676716bb963"
  version = "v0.7.9"

[[projects]]
  digest = "1:fef0874d72d1f1f1cb61d390980fef4abdfb9d4a52446556e4414627833e3702"
  name = "github.com/graphql-go/handler"
  packages = ["."]
  pruneopts = "UT"
  revision = "c1267356e6539d975e83bbea383c2bbb861dce5b"
  version = "v0.2.3"

[[projects]]
  digest = "1:f9efb765c4f3aff4b4c9948ae1aed344f3c76566ced247a9ff7c658a903b029b"
  name = "github.com/ian-kent/go-log"
  packages = [
    "appenders",
    "layout",
    "levels",
    "log",
    "logger",
  ]
  pruneopts = "UT"
  revision = "3562059be162516e088049acad7e3d26427faeaf"
  version = "v0.1"

[[projects]]
  digest = "1:5e73b34a27d827212102605789de00bd411b2e434812133c83935fe9897c75e1"
  name = "github.com/philhofer/fwd"
  packages = ["."]
  pruneopts = "UT"
  revision = "bb6d471dc95d4fe11e432687f8b70ff496cf3136"
  version = "v1.0.0"

[[projects]]
  digest = "1:25ba8b4d08fc20215a9b41ba4bb9cb6643cc6ed7b6c3128f1cf235bbb02a232a"
  name = "github.com/t-k/fluent-logger-golang"
  packages = ["fluent"]
  pruneopts = "UT"
  revision = "0f8ec08f2057a61574b6943e75045fffbeae894e"
  version = "v1.0.0"

[[projects]]
  digest = "1:6636bfca29dde8561c03e98ccddbe36240f13a01ac770d7ea07f4fd019ed6e65"
  name = "github.com/tinylib/msgp"
  packages = ["msgp"]
  pruneopts = "UT"
  revision = "4253cdaa5267687e3b7612da7ff105d4414174da"
  version = "v1.1.2"

[solve-meta]
  analyzer-name = "dep"
  analyzer-version = 1
  input-imports = [
    "github.com/akamensky/argparse",
    "github.com/graphql-go/graphql",
    "github.com/graphql-go/handler",
    "github.com/ian-kent/go-log/log",
  ]
  solver-name = "gps-cdcl"
  solver-version = 1
